
Microsoft Visual Studio Solution File, Format Version 12.00
# Visual Studio Version 16
VisualStudioVersion = 16.0.31624.102
MinimumVisualStudioVersion = 10.0.40219.1
Project("{FAE04EC0-301F-11D3-BF4B-00C04F79EFBC}") = "RPSLSGAMEver5", "RPSLSGAMEver5\RPSLSGAMEver5.csproj", "{DAE71C41-0278-4E8C-9502-2094D24A442F}"
EndProject
Project("{FAE04EC0-301F-11D3-BF4B-00C04F79EFBC}") = "RPSLSTESTS", "RPSLSTESTS\RPSLSTESTS.csproj", "{D7556AC6-8675-4AD3-A043-7BD3EFE3C352}"
EndProject
Global
	GlobalSection(SolutionConfigurationPlatforms) = preSolution
		Debug|Any CPU = Debug|Any CPU
		Release|Any CPU = Release|Any CPU
	EndGlobalSection
	GlobalSection(ProjectConfigurationPlatforms) = postSolution
		{DAE71C41-0278-4E8C-9502-2094D24A442F}.Debug|Any CPU.ActiveCfg = Debug|Any CPU
		{DAE71C41-0278-4E8C-9502-2094D24A442F}.Debug|Any CPU.Build.0 = Debug|Any CPU
		{DAE71C41-0278-4E8C-9502-2094D24A442F}.Release|Any CPU.ActiveCfg = Release|Any CPU
		{DAE71C41-0278-4E8C-9502-2094D24A442F}.Release|Any CPU.Build.0 = Release|Any CPU
		{D7556AC6-8675-4AD3-A043-7BD3EFE3C352}.Debug|Any CPU.ActiveCfg = Debug|Any CPU
		{D7556AC6-8675-4AD3-A043-7BD3EFE3C352}.Debug|Any CPU.Build.0 = Debug|Any CPU
		{D7556AC6-8675-4AD3-A043-7BD3EFE3C352}.Release|Any CPU.ActiveCfg = Release|Any CPU
		{D7556AC6-8675-4AD3-A043-7BD3EFE3C352}.Release|Any CPU.Build.0 = Release|Any CPU
	EndGlobalSection
	GlobalSection(SolutionProperties) = preSolution
		HideSolutionNode = FALSE
	EndGlobalSection
	GlobalSection(ExtensibilityGlobals) = postSolution
		SolutionGuid = {7E5FCABC-DF0F-422A-BA03-0939E9985FE9}
	EndGlobalSection
EndGlobal
